// !$*UTF8*$!
{
	archiveVersion = 1;
	classes = {
	};
	objectVersion = 56;
	objects = {

/* Begin PBXBuildFile section */
		58A7440F2A034D84008BFB90 /* RootTableViewController.swift in Sources */ = {isa = PBXBuildFile; fileRef = 58A7440E2A034D84008BFB90 /* RootTableViewController.swift */; };
		58B0C5F52A034D640012C317 /* RootTableViewController.swift in Sources */ = {isa = PBXBuildFile; fileRef = 58B0C5F42A034D630012C317 /* RootTableViewController.swift */; };
		58B91AC02A034C9500A9A1EA /* AppDelegate.swift in Sources */ = {isa = PBXBuildFile; fileRef = 58B91ABF2A034C9500A9A1EA /* AppDelegate.swift */; };
		58B91AC92A034C9600A9A1EA /* Assets.xcassets in Resources */ = {isa = PBXBuildFile; fileRef = 58B91AC82A034C9600A9A1EA /* Assets.xcassets */; };
		58B91ACC2A034C9600A9A1EA /* LaunchScreen.storyboard in Resources */ = {isa = PBXBuildFile; fileRef = 58B91ACA2A034C9600A9A1EA /* LaunchScreen.storyboard */; };
		58B91AD82A034CCB00A9A1EA /* AppDelegate.swift in Sources */ = {isa = PBXBuildFile; fileRef = 58B91AD72A034CCB00A9A1EA /* AppDelegate.swift */; };
		58B91AE12A034CCC00A9A1EA /* Assets.xcassets in Resources */ = {isa = PBXBuildFile; fileRef = 58B91AE02A034CCC00A9A1EA /* Assets.xcassets */; };
		58B91AE42A034CCC00A9A1EA /* LaunchScreen.storyboard in Resources */ = {isa = PBXBuildFile; fileRef = 58B91AE22A034CCC00A9A1EA /* LaunchScreen.storyboard */; };
/* End PBXBuildFile section */

/* Begin PBXFileReference section */
		58A7440E2A034D84008BFB90 /* RootTableViewController.swift */ = {isa = PBXFileReference; fileEncoding = 4; lastKnownFileType = sourcecode.swift; path = RootTableViewController.swift; sourceTree = "<group>"; };
		58B0C5F42A034D630012C317 /* RootTableViewController.swift */ = {isa = PBXFileReference; fileEncoding = 4; lastKnownFileType = sourcecode.swift; path = RootTableViewController.swift; sourceTree = "<group>"; };
		58B91ABD2A034C9500A9A1EA /* Simpsons Viewer.app */ = {isa = PBXFileReference; explicitFileType = wrapper.application; includeInIndex = 0; path = "Simpsons Viewer.app"; sourceTree = BUILT_PRODUCTS_DIR; };
		58B91ABF2A034C9500A9A1EA /* AppDelegate.swift */ = {isa = PBXFileReference; lastKnownFileType = sourcecode.swift; path = AppDelegate.swift; sourceTree = "<group>"; };
		58B91AC82A034C9600A9A1EA /* Assets.xcassets */ = {isa = PBXFileReference; lastKnownFileType = folder.assetcatalog; path = Assets.xcassets; sourceTree = "<group>"; };
		58B91ACB2A034C9600A9A1EA /* Base */ = {isa = PBXFileReference; lastKnownFileType = file.storyboard; name = Base; path = Base.lproj/LaunchScreen.storyboard; sourceTree = "<group>"; };
		58B91ACD2A034C9600A9A1EA /* Info.plist */ = {isa = PBXFileReference; lastKnownFileType = text.plist.xml; path = Info.plist; sourceTree = "<group>"; };
		58B91AD52A034CCB00A9A1EA /* Wire Viewer.app */ = {isa = PBXFileReference; explicitFileType = wrapper.application; includeInIndex = 0; path = "Wire Viewer.app"; sourceTree = BUILT_PRODUCTS_DIR; };
		58B91AD72A034CCB00A9A1EA /* AppDelegate.swift */ = {isa = PBXFileReference; lastKnownFileType = sourcecode.swift; path = AppDelegate.swift; sourceTree = "<group>"; };
		58B91AE02A034CCC00A9A1EA /* Assets.xcassets */ = {isa = PBXFileReference; lastKnownFileType = folder.assetcatalog; path = Assets.xcassets; sourceTree = "<group>"; };
		58B91AE32A034CCC00A9A1EA /* Base */ = {isa = PBXFileReference; lastKnownFileType = file.storyboard; name = Base; path = Base.lproj/LaunchScreen.storyboard; sourceTree = "<group>"; };
		58B91AE52A034CCC00A9A1EA /* Info.plist */ = {isa = PBXFileReference; lastKnownFileType = text.plist.xml; path = Info.plist; sourceTree = "<group>"; };
/* End PBXFileReference section */

/* Begin PBXFrameworksBuildPhase section */
		58B91ABA2A034C9500A9A1EA /* Frameworks */ = {
			isa = PBXFrameworksBuildPhase;
			buildActionMask = 2147483647;
			files = (
			);
			runOnlyForDeploymentPostprocessing = 0;
		};
		58B91AD22A034CCB00A9A1EA /* Frameworks */ = {
			isa = PBXFrameworksBuildPhase;
			buildActionMask = 2147483647;
			files = (
			);
			runOnlyForDeploymentPostprocessing = 0;
		};
/* End PBXFrameworksBuildPhase section */

/* Begin PBXGroup section */
		58B91A992A034C6800A9A1EA = {
			isa = PBXGroup;
			children = (
				58B91ABE2A034C9500A9A1EA /* Simpsons Viewer */,
				58B91AD62A034CCB00A9A1EA /* Wire Viewer */,
				58B91AA32A034C6800A9A1EA /* Products */,
			);
			sourceTree = "<group>";
		};
		58B91AA32A034C6800A9A1EA /* Products */ = {
			isa = PBXGroup;
			children = (
				58B91ABD2A034C9500A9A1EA /* Simpsons Viewer.app */,
				58B91AD52A034CCB00A9A1EA /* Wire Viewer.app */,
			);
			name = Products;
			sourceTree = "<group>";
		};
		58B91ABE2A034C9500A9A1EA /* Simpsons Viewer */ = {
			isa = PBXGroup;
			children = (
				58B91ABF2A034C9500A9A1EA /* AppDelegate.swift */,
				58B0C5F42A034D630012C317 /* RootTableViewController.swift */,
				58B91AC82A034C9600A9A1EA /* Assets.xcassets */,
				58B91ACA2A034C9600A9A1EA /* LaunchScreen.storyboard */,
				58B91ACD2A034C9600A9A1EA /* Info.plist */,
			);
			path = "Simpsons Viewer";
			sourceTree = "<group>";
		};
		58B91AD62A034CCB00A9A1EA /* Wire Viewer */ = {
			isa = PBXGroup;
			children = (
				58B91AD72A034CCB00A9A1EA /* AppDelegate.swift */,
				58A7440E2A034D84008BFB90 /* RootTableViewController.swift */,
				58B91AE02A034CCC00A9A1EA /* Assets.xcassets */,
				58B91AE22A034CCC00A9A1EA /* LaunchScreen.storyboard */,
				58B91AE52A034CCC00A9A1EA /* Info.plist */,
			);
			path = "Wire Viewer";
			sourceTree = "<group>";
		};
/* End PBXGroup section */

/* Begin PBXNativeTarget section */
		58B91ABC2A034C9500A9A1EA /* Simpsons Viewer */ = {
			isa = PBXNativeTarget;
			buildConfigurationList = 58B91ACE2A034C9600A9A1EA /* Build configuration list for PBXNativeTarget "Simpsons Viewer" */;
			buildPhases = (
				58B91AB92A034C9500A9A1EA /* Sources */,
				58B91ABA2A034C9500A9A1EA /* Frameworks */,
				58B91ABB2A034C9500A9A1EA /* Resources */,
			);
			buildRules = (
			);
			dependencies = (
			);
			name = "Simpsons Viewer";
			productName = "Simpsons Viewer";
			productReference = 58B91ABD2A034C9500A9A1EA /* Simpsons Viewer.app */;
			productType = "com.apple.product-type.application";
		};
		58B91AD42A034CCB00A9A1EA /* Wire Viewer */ = {
			isa = PBXNativeTarget;
			buildConfigurationList = 58B91AE62A034CCC00A9A1EA /* Build configuration list for PBXNativeTarget "Wire Viewer" */;
			buildPhases = (
				58B91AD12A034CCB00A9A1EA /* Sources */,
				58B91AD22A034CCB00A9A1EA /* Frameworks */,
				58B91AD32A034CCB00A9A1EA /* Resources */,
			);
			buildRules = (
			);
			dependencies = (
			);
			name = "Wire Viewer";
			productName = "Wire Viewer";
			productReference = 58B91AD52A034CCB00A9A1EA /* Wire Viewer.app */;
			productType = "com.apple.product-type.application";
		};
/* End PBXNativeTarget section */

/* Begin PBXProject section */
		58B91A9A2A034C6800A9A1EA /* Project object */ = {
			isa = PBXProject;
			attributes = {
				BuildIndependentTargetsInParallel = 1;
				LastSwiftUpdateCheck = 1430;
				LastUpgradeCheck = 1430;
				TargetAttributes = {
					58B91ABC2A034C9500A9A1EA = {
						CreatedOnToolsVersion = 14.3;
					};
					58B91AD42A034CCB00A9A1EA = {
						CreatedOnToolsVersion = 14.3;
					};
				};
			};
			buildConfigurationList = 58B91A9D2A034C6800A9A1EA /* Build configuration list for PBXProject "Character Viewer" */;
			compatibilityVersion = "Xcode 14.0";
			developmentRegion = en;
			hasScannedForEncodings = 0;
			knownRegions = (
				en,
				Base,
			);
			mainGroup = 58B91A992A034C6800A9A1EA;
			productRefGroup = 58B91AA32A034C6800A9A1EA /* Products */;
			projectDirPath = "";
			projectRoot = "";
			targets = (
				58B91ABC2A034C9500A9A1EA /* Simpsons Viewer */,
				58B91AD42A034CCB00A9A1EA /* Wire Viewer */,
			);
		};
/* End PBXProject section */

/* Begin PBXResourcesBuildPhase section */
		58B91ABB2A034C9500A9A1EA /* Resources */ = {
			isa = PBXResourcesBuildPhase;
			buildActionMask = 2147483647;
			files = (
				58B91ACC2A034C9600A9A1EA /* LaunchScreen.storyboard in Resources */,
				58B91AC92A034C9600A9A1EA /* Assets.xcassets in Resources */,
			);
			runOnlyForDeploymentPostprocessing = 0;
		};
		58B91AD32A034CCB00A9A1EA /* Resources */ = {
			isa = PBXResourcesBuildPhase;
			buildActionMask = 2147483647;
			files = (
				58B91AE42A034CCC00A9A1EA /* LaunchScreen.storyboard in Resources */,
				58B91AE12A034CCC00A9A1EA /* Assets.xcassets in Resources */,
			);
			runOnlyForDeploymentPostprocessing = 0;
		};
/* End PBXResourcesBuildPhase section */

/* Begin PBXSourcesBuildPhase section */
		58B91AB92A034C9500A9A1EA /* Sources */ = {
			isa = PBXSourcesBuildPhase;
			buildActionMask = 2147483647;
			files = (
				58B91AC02A034C9500A9A1EA /* AppDelegate.swift in Sources */,
				58B0C5F52A034D640012C317 /* RootTableViewController.swift in Sources */,
			);
			runOnlyForDeploymentPostprocessing = 0;
		};
		58B91AD12A034CCB00A9A1EA /* Sources */ = {
			isa = PBXSourcesBuildPhase;
			buildActionMask = 2147483647;
			files = (
				58B91AD82A034CCB00A9A1EA /* AppDelegate.swift in Sources */,
				58A7440F2A034D84008BFB90 /* RootTableViewController.swift in Sources */,
			);
			runOnlyForDeploymentPostprocessing = 0;
		};
/* End PBXSourcesBuildPhase section */

/* Begin PBXVariantGroup section */
		58B91ACA2A034C9600A9A1EA /* LaunchScreen.storyboard */ = {
			isa = PBXVariantGroup;
			children = (
				58B91ACB2A034C9600A9A1EA /* Base */,
			);
			name = LaunchScreen.storyboard;
			sourceTree = "<group>";
		};
		58B91AE22A034CCC00A9A1EA /* LaunchScreen.storyboard */ = {
			isa = PBXVariantGroup;
			children = (
				58B91AE32A034CCC00A9A1EA /* Base */,
			);
			name = LaunchScreen.storyboard;
			sourceTree = "<group>";
		};
/* End PBXVariantGroup section */

/* Begin XCBuildConfiguration section */
		58B91AB42A034C6900A9A1EA /* Debug */ = {
			isa = XCBuildConfiguration;
			buildSettings = {
				ALWAYS_SEARCH_USER_PATHS = NO;
				CLANG_ANALYZER_NONNULL = YES;
				CLANG_ANALYZER_NUMBER_OBJECT_CONVERSION = YES_AGGRESSIVE;
				CLANG_CXX_LANGUAGE_STANDARD = "gnu++20";
				CLANG_ENABLE_MODULES = YES;
				CLANG_ENABLE_OBJC_ARC = YES;
				CLANG_ENABLE_OBJC_WEAK = YES;
				CLANG_WARN_BLOCK_CAPTURE_AUTORELEASING = YES;
				CLANG_WARN_BOOL_CONVERSION = YES;
				CLANG_WARN_COMMA = YES;
				CLANG_WARN_CONSTANT_CONVERSION = YES;
				CLANG_WARN_DEPRECATED_OBJC_IMPLEMENTATIONS = YES;
				CLANG_WARN_DIRECT_OBJC_ISA_USAGE = YES_ERROR;
				CLANG_WARN_DOCUMENTATION_COMMENTS = YES;
				CLANG_WARN_EMPTY_BODY = YES;
				CLANG_WARN_ENUM_CONVERSION = YES;
				CLANG_WARN_INFINITE_RECURSION = YES;
				CLANG_WARN_INT_CONVERSION = YES;
				CLANG_WARN_NON_LITERAL_NULL_CONVERSION = YES;
				CLANG_WARN_OBJC_IMPLICIT_RETAIN_SELF = YES;
				CLANG_WARN_OBJC_LITERAL_CONVERSION = YES;
				CLANG_WARN_OBJC_ROOT_CLASS = YES_ERROR;
				CLANG_WARN_QUOTED_INCLUDE_IN_FRAMEWORK_HEADER = YES;
				CLANG_WARN_RANGE_LOOP_ANALYSIS = YES;
				CLANG_WARN_STRICT_PROTOTYPES = YES;
				CLANG_WARN_SUSPICIOUS_MOVE = YES;
				CLANG_WARN_UNGUARDED_AVAILABILITY = YES_AGGRESSIVE;
				CLANG_WARN_UNREACHABLE_CODE = YES;
				CLANG_WARN__DUPLICATE_METHOD_MATCH = YES;
				COPY_PHASE_STRIP = NO;
				DEBUG_INFORMATION_FORMAT = dwarf;
				ENABLE_STRICT_OBJC_MSGSEND = YES;
				ENABLE_TESTABILITY = YES;
				GCC_C_LANGUAGE_STANDARD = gnu11;
				GCC_DYNAMIC_NO_PIC = NO;
				GCC_NO_COMMON_BLOCKS = YES;
				GCC_OPTIMIZATION_LEVEL = 0;
				GCC_PREPROCESSOR_DEFINITIONS = (
					"DEBUG=1",
					"$(inherited)",
				);
				GCC_WARN_64_TO_32_BIT_CONVERSION = YES;
				GCC_WARN_ABOUT_RETURN_TYPE = YES_ERROR;
				GCC_WARN_UNDECLARED_SELECTOR = YES;
				GCC_WARN_UNINITIALIZED_AUTOS = YES_AGGRESSIVE;
				GCC_WARN_UNUSED_FUNCTION = YES;
				GCC_WARN_UNUSED_VARIABLE = YES;
				IPHONEOS_DEPLOYMENT_TARGET = 15.0;
				MTL_ENABLE_DEBUG_INFO = INCLUDE_SOURCE;
				MTL_FAST_MATH = YES;
				ONLY_ACTIVE_ARCH = YES;
				SDKROOT = iphoneos;
				SWIFT_ACTIVE_COMPILATION_CONDITIONS = DEBUG;
				SWIFT_OPTIMIZATION_LEVEL = "-Onone";
			};
			name = Debug;
		};
		58B91AB52A034C6900A9A1EA /* Release */ = {
			isa = XCBuildConfiguration;
			buildSettings = {
				ALWAYS_SEARCH_USER_PATHS = NO;
				CLANG_ANALYZER_NONNULL = YES;
				CLANG_ANALYZER_NUMBER_OBJECT_CONVERSION = YES_AGGRESSIVE;
				CLANG_CXX_LANGUAGE_STANDARD = "gnu++20";
				CLANG_ENABLE_MODULES = YES;
				CLANG_ENABLE_OBJC_ARC = YES;
				CLANG_ENABLE_OBJC_WEAK = YES;
				CLANG_WARN_BLOCK_CAPTURE_AUTORELEASING = YES;
				CLANG_WARN_BOOL_CONVERSION = YES;
				CLANG_WARN_COMMA = YES;
				CLANG_WARN_CONSTANT_CONVERSION = YES;
				CLANG_WARN_DEPRECATED_OBJC_IMPLEMENTATIONS = YES;
				CLANG_WARN_DIRECT_OBJC_ISA_USAGE = YES_ERROR;
				CLANG_WARN_DOCUMENTATION_COMMENTS = YES;
				CLANG_WARN_EMPTY_BODY = YES;
				CLANG_WARN_ENUM_CONVERSION = YES;
				CLANG_WARN_INFINITE_RECURSION = YES;
				CLANG_WARN_INT_CONVERSION = YES;
				CLANG_WARN_NON_LITERAL_NULL_CONVERSION = YES;
				CLANG_WARN_OBJC_IMPLICIT_RETAIN_SELF = YES;
				CLANG_WARN_OBJC_LITERAL_CONVERSION = YES;
				CLANG_WARN_OBJC_ROOT_CLASS = YES_ERROR;
				CLANG_WARN_QUOTED_INCLUDE_IN_FRAMEWORK_HEADER = YES;
				CLANG_WARN_RANGE_LOOP_ANALYSIS = YES;
				CLANG_WARN_STRICT_PROTOTYPES = YES;
				CLANG_WARN_SUSPICIOUS_MOVE = YES;
				CLANG_WARN_UNGUARDED_AVAILABILITY = YES_AGGRESSIVE;
				CLANG_WARN_UNREACHABLE_CODE = YES;
				CLANG_WARN__DUPLICATE_METHOD_MATCH = YES;
				COPY_PHASE_STRIP = NO;
				DEBUG_INFORMATION_FORMAT = "dwarf-with-dsym";
				ENABLE_NS_ASSERTIONS = NO;
				ENABLE_STRICT_OBJC_MSGSEND = YES;
				GCC_C_LANGUAGE_STANDARD = gnu11;
				GCC_NO_COMMON_BLOCKS = YES;
				GCC_WARN_64_TO_32_BIT_CONVERSION = YES;
				GCC_WARN_ABOUT_RETURN_TYPE = YES_ERROR;
				GCC_WARN_UNDECLARED_SELECTOR = YES;
				GCC_WARN_UNINITIALIZED_AUTOS = YES_AGGRESSIVE;
				GCC_WARN_UNUSED_FUNCTION = YES;
				GCC_WARN_UNUSED_VARIABLE = YES;
				IPHONEOS_DEPLOYMENT_TARGET = 15.0;
				MTL_ENABLE_DEBUG_INFO = NO;
				MTL_FAST_MATH = YES;
				SDKROOT = iphoneos;
				SWIFT_COMPILATION_MODE = wholemodule;
				SWIFT_OPTIMIZATION_LEVEL = "-O";
				VALIDATE_PRODUCT = YES;
			};
			name = Release;
		};
		58B91ACF2A034C9600A9A1EA /* Debug */ = {
			isa = XCBuildConfiguration;
			buildSettings = {
				ASSETCATALOG_COMPILER_APPICON_NAME = AppIcon;
				ASSETCATALOG_COMPILER_GLOBAL_ACCENT_COLOR_NAME = AccentColor;
				CODE_SIGN_STYLE = Automatic;
				CURRENT_PROJECT_VERSION = 1;
				DEVELOPMENT_TEAM = 8A7FDTFFG8;
				GENERATE_INFOPLIST_FILE = YES;
				INFOPLIST_FILE = "Simpsons Viewer/Info.plist";
				INFOPLIST_KEY_CFBundleDisplayName = "Simpsons View";
				INFOPLIST_KEY_LSApplicationCategoryType = "public.app-category.entertainment";
				INFOPLIST_KEY_UIApplicationSupportsIndirectInputEvents = YES;
				INFOPLIST_KEY_UILaunchStoryboardName = LaunchScreen;
				INFOPLIST_KEY_UIMainStoryboardFile = "";
				INFOPLIST_KEY_UISupportedInterfaceOrientations_iPad = "UIInterfaceOrientationPortrait UIInterfaceOrientationPortraitUpsideDown UIInterfaceOrientationLandscapeLeft UIInterfaceOrientationLandscapeRight";
				INFOPLIST_KEY_UISupportedInterfaceOrientations_iPhone = "UIInterfaceOrientationPortrait UIInterfaceOrientationLandscapeLeft UIInterfaceOrientationLandscapeRight";
				LD_RUNPATH_SEARCH_PATHS = (
					"$(inherited)",
					"@executable_path/Frameworks",
				);
				MARKETING_VERSION = 1.0;
				PRODUCT_BUNDLE_IDENTIFIER = com.sample.simpsonsviewer;
				PRODUCT_NAME = "$(TARGET_NAME)";
				SUPPORTED_PLATFORMS = "iphoneos iphonesimulator";
				SUPPORTS_MACCATALYST = NO;
				SUPPORTS_MAC_DESIGNED_FOR_IPHONE_IPAD = NO;
				SWIFT_EMIT_LOC_STRINGS = YES;
				SWIFT_VERSION = 5.0;
				TARGETED_DEVICE_FAMILY = "1,2";
			};
			name = Debug;
		};
		58B91AD02A034C9600A9A1EA /* Release */ = {
			isa = XCBuildConfiguration;
			buildSettings = {
				ASSETCATALOG_COMPILER_APPICON_NAME = AppIcon;
				ASSETCATALOG_COMPILER_GLOBAL_ACCENT_COLOR_NAME = AccentColor;
				CODE_SIGN_STYLE = Automatic;
				CURRENT_PROJECT_VERSION = 1;
				DEVELOPMENT_TEAM = 8A7FDTFFG8;
				GENERATE_INFOPLIST_FILE = YES;
				INFOPLIST_FILE = "Simpsons Viewer/Info.plist";
				INFOPLIST_KEY_CFBundleDisplayName = "Simpsons View";
				INFOPLIST_KEY_LSApplicationCategoryType = "public.app-category.entertainment";
				INFOPLIST_KEY_UIApplicationSupportsIndirectInputEvents = YES;
				INFOPLIST_KEY_UILaunchStoryboardName = LaunchScreen;
				INFOPLIST_KEY_UIMainStoryboardFile = "";
				INFOPLIST_KEY_UISupportedInterfaceOrientations_iPad = "UIInterfaceOrientationPortrait UIInterfaceOrientationPortraitUpsideDown UIInterfaceOrientationLandscapeLeft UIInterfaceOrientationLandscapeRight";
				INFOPLIST_KEY_UISupportedInterfaceOrientations_iPhone = "UIInterfaceOrientationPortrait UIInterfaceOrientationLandscapeLeft UIInterfaceOrientationLandscapeRight";
				LD_RUNPATH_SEARCH_PATHS = (
					"$(inherited)",
					"@executable_path/Frameworks",
				);
				MARKETING_VERSION = 1.0;
				PRODUCT_BUNDLE_IDENTIFIER = com.sample.simpsonsviewer;
				PRODUCT_NAME = "$(TARGET_NAME)";
				SUPPORTED_PLATFORMS = "iphoneos iphonesimulator";
				SUPPORTS_MACCATALYST = NO;
				SUPPORTS_MAC_DESIGNED_FOR_IPHONE_IPAD = NO;
				SWIFT_EMIT_LOC_STRINGS = YES;
				SWIFT_VERSION = 5.0;
				TARGETED_DEVICE_FAMILY = "1,2";
			};
			name = Release;
		};
		58B91AE72A034CCC00A9A1EA /* Debug */ = {
			isa = XCBuildConfiguration;
			buildSettings = {
				ASSETCATALOG_COMPILER_APPICON_NAME = AppIcon;
				ASSETCATALOG_COMPILER_GLOBAL_ACCENT_COLOR_NAME = AccentColor;
				CODE_SIGN_STYLE = Automatic;
				CURRENT_PROJECT_VERSION = 1;
				DEVELOPMENT_TEAM = 8A7FDTFFG8;
				GENERATE_INFOPLIST_FILE = YES;
				INFOPLIST_FILE = "Wire Viewer/Info.plist";
				INFOPLIST_KEY_CFBundleDisplayName = "Wire View";
				INFOPLIST_KEY_LSApplicationCategoryType = "public.app-category.entertainment";
				INFOPLIST_KEY_UIApplicationSupportsIndirectInputEvents = YES;
				INFOPLIST_KEY_UILaunchStoryboardName = LaunchScreen;
				INFOPLIST_KEY_UIMainStoryboardFile = "";
				INFOPLIST_KEY_UISupportedInterfaceOrientations_iPad = "UIInterfaceOrientationPortrait UIInterfaceOrientationPortraitUpsideDown UIInterfaceOrientationLandscapeLeft UIInterfaceOrientationLandscapeRight";
				INFOPLIST_KEY_UISupportedInterfaceOrientations_iPhone = "UIInterfaceOrientationPortrait UIInterfaceOrientationLandscapeLeft UIInterfaceOrientationLandscapeRight";
				LD_RUNPATH_SEARCH_PATHS = (
					"$(inherited)",
					"@executable_path/Frameworks",
				);
				MARKETING_VERSION = 1.0;
				PRODUCT_BUNDLE_IDENTIFIER = com.sample.wireviewer;
				PRODUCT_NAME = "$(TARGET_NAME)";
				SUPPORTED_PLATFORMS = "iphoneos iphonesimulator";
				SUPPORTS_MACCATALYST = NO;
				SUPPORTS_MAC_DESIGNED_FOR_IPHONE_IPAD = NO;
				SWIFT_EMIT_LOC_STRINGS = YES;
				SWIFT_VERSION = 5.0;
				TARGETED_DEVICE_FAMILY = "1,2";
			};
			name = Debug;
		};
		58B91AE82A034CCC00A9A1EA /* Release */ = {
			isa = XCBuildConfiguration;
			buildSettings = {
				ASSETCATALOG_COMPILER_APPICON_NAME = AppIcon;
				ASSETCATALOG_COMPILER_GLOBAL_ACCENT_COLOR_NAME = AccentColor;
				CODE_SIGN_STYLE = Automatic;
				CURRENT_PROJECT_VERSION = 1;
				DEVELOPMENT_TEAM = 8A7FDTFFG8;
				GENERATE_INFOPLIST_FILE = YES;
				INFOPLIST_FILE = "Wire Viewer/Info.plist";
				INFOPLIST_KEY_CFBundleDisplayName = "Wire View";
				INFOPLIST_KEY_LSApplicationCategoryType = "public.app-category.entertainment";
				INFOPLIST_KEY_UIApplicationSupportsIndirectInputEvents = YES;
				INFOPLIST_KEY_UILaunchStoryboardName = LaunchScreen;
				INFOPLIST_KEY_UIMainStoryboardFile = "";
				INFOPLIST_KEY_UISupportedInterfaceOrientations_iPad = "UIInterfaceOrientationPortrait UIInterfaceOrientationPortraitUpsideDown UIInterfaceOrientationLandscapeLeft UIInterfaceOrientationLandscapeRight";
				INFOPLIST_KEY_UISupportedInterfaceOrientations_iPhone = "UIInterfaceOrientationPortrait UIInterfaceOrientationLandscapeLeft UIInterfaceOrientationLandscapeRight";
				LD_RUNPATH_SEARCH_PATHS = (
					"$(inherited)",
					"@executable_path/Frameworks",
				);
				MARKETING_VERSION = 1.0;
				PRODUCT_BUNDLE_IDENTIFIER = com.sample.wireviewer;
				PRODUCT_NAME = "$(TARGET_NAME)";
				SUPPORTED_PLATFORMS = "iphoneos iphonesimulator";
				SUPPORTS_MACCATALYST = NO;
				SUPPORTS_MAC_DESIGNED_FOR_IPHONE_IPAD = NO;
				SWIFT_EMIT_LOC_STRINGS = YES;
				SWIFT_VERSION = 5.0;
				TARGETED_DEVICE_FAMILY = "1,2";
			};
			name = Release;
		};
/* End XCBuildConfiguration section */

/* Begin XCConfigurationList section */
		58B91A9D2A034C6800A9A1EA /* Build configuration list for PBXProject "Character Viewer" */ = {
			isa = XCConfigurationList;
			buildConfigurations = (
				58B91AB42A034C6900A9A1EA /* Debug */,
				58B91AB52A034C6900A9A1EA /* Release */,
			);
			defaultConfigurationIsVisible = 0;
			defaultConfigurationName = Release;
		};
		58B91ACE2A034C9600A9A1EA /* Build configuration list for PBXNativeTarget "Simpsons Viewer" */ = {
			isa = XCConfigurationList;
			buildConfigurations = (
				58B91ACF2A034C9600A9A1EA /* Debug */,
				58B91AD02A034C9600A9A1EA /* Release */,
			);
			defaultConfigurationIsVisible = 0;
			defaultConfigurationName = Release;
		};
		58B91AE62A034CCC00A9A1EA /* Build configuration list for PBXNativeTarget "Wire Viewer" */ = {
			isa = XCConfigurationList;
			buildConfigurations = (
				58B91AE72A034CCC00A9A1EA /* Debug */,
				58B91AE82A034CCC00A9A1EA /* Release */,
			);
			defaultConfigurationIsVisible = 0;
			defaultConfigurationName = Release;
		};
/* End XCConfigurationList section */
	};
	rootObject = 58B91A9A2A034C6800A9A1EA /* Project object */;
}
